
Microsoft Visual Studio Solution File, Format Version 12.00
# Visual Studio Version 17
VisualStudioVersion = 17.0.31825.309
MinimumVisualStudioVersion = 10.0.40219.1
Project("{9A19103F-16F7-4668-BE54-9A1E7A4F7556}") = "DAL", "DAL\DAL.csproj", "{3DC1E79B-5533-42C2-B195-C5CB4BEB6FF0}"
EndProject
Project("{9A19103F-16F7-4668-BE54-9A1E7A4F7556}") = "LOGIC", "LOGIC\LOGIC.csproj", "{9E337C99-1D43-40DC-8714-85145C34BA03}"
EndProject
Project("{FAE04EC0-301F-11D3-BF4B-00C04F79EFBC}") = "WEB_API", "WEB_API\WEB_API.csproj", "{4778F48E-96C6-423F-BF33-1FE75ECF7EC8}"
EndProject
Global
	GlobalSection(SolutionConfigurationPlatforms) = preSolution
		Debug|Any CPU = Debug|Any CPU
		Release|Any CPU = Release|Any CPU
	EndGlobalSection
	GlobalSection(ProjectConfigurationPlatforms) = postSolution
		{3DC1E79B-5533-42C2-B195-C5CB4BEB6FF0}.Debug|Any CPU.ActiveCfg = Debug|Any CPU
		{3DC1E79B-5533-42C2-B195-C5CB4BEB6FF0}.Debug|Any CPU.Build.0 = Debug|Any CPU
		{3DC1E79B-5533-42C2-B195-C5CB4BEB6FF0}.Release|Any CPU.ActiveCfg = Release|Any CPU
		{3DC1E79B-5533-42C2-B195-C5CB4BEB6FF0}.Release|Any CPU.Build.0 = Release|Any CPU
		{9E337C99-1D43-40DC-8714-85145C34BA03}.Debug|Any CPU.ActiveCfg = Debug|Any CPU
		{9E337C99-1D43-40DC-8714-85145C34BA03}.Debug|Any CPU.Build.0 = Debug|Any CPU
		{9E337C99-1D43-40DC-8714-85145C34BA03}.Release|Any CPU.ActiveCfg = Release|Any CPU
		{9E337C99-1D43-40DC-8714-85145C34BA03}.Release|Any CPU.Build.0 = Release|Any CPU
		{4778F48E-96C6-423F-BF33-1FE75ECF7EC8}.Debug|Any CPU.ActiveCfg = Debug|Any CPU
		{4778F48E-96C6-423F-BF33-1FE75ECF7EC8}.Debug|Any CPU.Build.0 = Debug|Any CPU
		{4778F48E-96C6-423F-BF33-1FE75ECF7EC8}.Release|Any CPU.ActiveCfg = Release|Any CPU
		{4778F48E-96C6-423F-BF33-1FE75ECF7EC8}.Release|Any CPU.Build.0 = Release|Any CPU
	EndGlobalSection
	GlobalSection(SolutionProperties) = preSolution
		HideSolutionNode = FALSE
	EndGlobalSection
	GlobalSection(ExtensibilityGlobals) = postSolution
		SolutionGuid = {6653F441-BEF1-4775-85A4-05E84EF04070}
	EndGlobalSection
EndGlobal
